
Microsoft Visual Studio Solution File, Format Version 12.00
# Visual Studio 15
VisualStudioVersion = 15.0.26730.10
MinimumVisualStudioVersion = 10.0.40219.1
Project("{2150E333-8FDC-42A3-9474-1A3956D46DE8}") = ".paket", ".paket", "{327D2EE7-A0AA-48ED-BF40-5D7F03B6FF8B}"
	ProjectSection(SolutionItems) = preProject
		paket.dependencies = paket.dependencies
	EndProjectSection
EndProject
Project("{F2A71F9B-5D33-465A-A702-920D77279786}") = "BackPanel", "BackPanel\BackPanel.fsproj", "{DA486033-96AD-4557-81E5-724ECFB0FBE5}"
EndProject
Project("{F2A71F9B-5D33-465A-A702-920D77279786}") = "BackPanel.Example", "BackPanel.Example\BackPanel.Example.fsproj", "{D3AA968A-33A1-44BC-9EE9-FF4A0E510C99}"
EndProject
Project("{FAE04EC0-301F-11D3-BF4B-00C04F79EFBC}") = "BackPanel.Client", "BackPanel.Client\BackPanel.Client.csproj", "{5EAFEE7D-C73C-4701-AF4C-8F1F6BDC061F}"
EndProject
Global
	GlobalSection(SolutionConfigurationPlatforms) = preSolution
		Debug|Any CPU = Debug|Any CPU
		Release|Any CPU = Release|Any CPU
	EndGlobalSection
	GlobalSection(ProjectConfigurationPlatforms) = postSolution
		{DA486033-96AD-4557-81E5-724ECFB0FBE5}.Debug|Any CPU.ActiveCfg = Debug|Any CPU
		{DA486033-96AD-4557-81E5-724ECFB0FBE5}.Debug|Any CPU.Build.0 = Debug|Any CPU
		{DA486033-96AD-4557-81E5-724ECFB0FBE5}.Release|Any CPU.ActiveCfg = Release|Any CPU
		{DA486033-96AD-4557-81E5-724ECFB0FBE5}.Release|Any CPU.Build.0 = Release|Any CPU
		{D3AA968A-33A1-44BC-9EE9-FF4A0E510C99}.Debug|Any CPU.ActiveCfg = Debug|Any CPU
		{D3AA968A-33A1-44BC-9EE9-FF4A0E510C99}.Debug|Any CPU.Build.0 = Debug|Any CPU
		{D3AA968A-33A1-44BC-9EE9-FF4A0E510C99}.Release|Any CPU.ActiveCfg = Release|Any CPU
		{D3AA968A-33A1-44BC-9EE9-FF4A0E510C99}.Release|Any CPU.Build.0 = Release|Any CPU
		{5EAFEE7D-C73C-4701-AF4C-8F1F6BDC061F}.Debug|Any CPU.ActiveCfg = Debug|Any CPU
		{5EAFEE7D-C73C-4701-AF4C-8F1F6BDC061F}.Debug|Any CPU.Build.0 = Debug|Any CPU
		{5EAFEE7D-C73C-4701-AF4C-8F1F6BDC061F}.Release|Any CPU.ActiveCfg = Release|Any CPU
		{5EAFEE7D-C73C-4701-AF4C-8F1F6BDC061F}.Release|Any CPU.Build.0 = Release|Any CPU
	EndGlobalSection
	GlobalSection(SolutionProperties) = preSolution
		HideSolutionNode = FALSE
	EndGlobalSection
	GlobalSection(ExtensibilityGlobals) = postSolution
		SolutionGuid = {89C65189-2219-44F8-8C4A-46605531F3A5}
	EndGlobalSection
EndGlobal
